// !$*UTF8*$!
{
	archiveVersion = 1;
	classes = {
	};
	objectVersion = 50;
	objects = {

/* Begin PBXBuildFile section */
		5B24A09AFE22A60516EB0885 /* Pods_Examples.framework in Frameworks */ = {isa = PBXBuildFile; fileRef = DFE994E88691EB04AF8119EE /* Pods_Examples.framework */; };
		B6544CE622D39C38008DACC3 /* AppDelegate.swift in Sources */ = {isa = PBXBuildFile; fileRef = B6544CE522D39C38008DACC3 /* AppDelegate.swift */; };
		B6544CE822D39C38008DACC3 /* PaginationFeedbackViewController.swift in Sources */ = {isa = PBXBuildFile; fileRef = B6544CE722D39C38008DACC3 /* PaginationFeedbackViewController.swift */; };
		B6544CED22D39C3A008DACC3 /* Assets.xcassets in Resources */ = {isa = PBXBuildFile; fileRef = B6544CEC22D39C3A008DACC3 /* Assets.xcassets */; };
		B6544CF022D39C3A008DACC3 /* LaunchScreen.storyboard in Resources */ = {isa = PBXBuildFile; fileRef = B6544CEE22D39C3A008DACC3 /* LaunchScreen.storyboard */; };
		B6544CFB22D3A1E9008DACC3 /* Reqres.swift in Sources */ = {isa = PBXBuildFile; fileRef = B6544CFA22D3A1E9008DACC3 /* Reqres.swift */; };
		B6544CFD22D3A1F1008DACC3 /* Github.swift in Sources */ = {isa = PBXBuildFile; fileRef = B6544CFC22D3A1F1008DACC3 /* Github.swift */; };
		B667960722D4D7F4002B7A97 /* MovieDB.swift in Sources */ = {isa = PBXBuildFile; fileRef = B667960622D4D7F4002B7A97 /* MovieDB.swift */; };
/* End PBXBuildFile section */

/* Begin PBXFileReference section */
		26F85655B9ED6758B2417E50 /* Pods-Examples.release.xcconfig */ = {isa = PBXFileReference; includeInIndex = 1; lastKnownFileType = text.xcconfig; name = "Pods-Examples.release.xcconfig"; path = "Target Support Files/Pods-Examples/Pods-Examples.release.xcconfig"; sourceTree = "<group>"; };
		B6544CE222D39C38008DACC3 /* Examples.app */ = {isa = PBXFileReference; explicitFileType = wrapper.application; includeInIndex = 0; path = Examples.app; sourceTree = BUILT_PRODUCTS_DIR; };
		B6544CE522D39C38008DACC3 /* AppDelegate.swift */ = {isa = PBXFileReference; lastKnownFileType = sourcecode.swift; path = AppDelegate.swift; sourceTree = "<group>"; };
		B6544CE722D39C38008DACC3 /* PaginationFeedbackViewController.swift */ = {isa = PBXFileReference; lastKnownFileType = sourcecode.swift; path = PaginationFeedbackViewController.swift; sourceTree = "<group>"; };
		B6544CEC22D39C3A008DACC3 /* Assets.xcassets */ = {isa = PBXFileReference; lastKnownFileType = folder.assetcatalog; path = Assets.xcassets; sourceTree = "<group>"; };
		B6544CEF22D39C3A008DACC3 /* Base */ = {isa = PBXFileReference; lastKnownFileType = file.storyboard; name = Base; path = Base.lproj/LaunchScreen.storyboard; sourceTree = "<group>"; };
		B6544CF122D39C3A008DACC3 /* Info.plist */ = {isa = PBXFileReference; lastKnownFileType = text.plist.xml; path = Info.plist; sourceTree = "<group>"; };
		B6544CFA22D3A1E9008DACC3 /* Reqres.swift */ = {isa = PBXFileReference; fileEncoding = 4; lastKnownFileType = sourcecode.swift; path = Reqres.swift; sourceTree = "<group>"; };
		B6544CFC22D3A1F1008DACC3 /* Github.swift */ = {isa = PBXFileReference; lastKnownFileType = sourcecode.swift; path = Github.swift; sourceTree = "<group>"; };
		B667960622D4D7F4002B7A97 /* MovieDB.swift */ = {isa = PBXFileReference; lastKnownFileType = sourcecode.swift; path = MovieDB.swift; sourceTree = "<group>"; };
		DC254C29F626B5A982F54922 /* Pods-Examples.debug.xcconfig */ = {isa = PBXFileReference; includeInIndex = 1; lastKnownFileType = text.xcconfig; name = "Pods-Examples.debug.xcconfig"; path = "Target Support Files/Pods-Examples/Pods-Examples.debug.xcconfig"; sourceTree = "<group>"; };
		DFE994E88691EB04AF8119EE /* Pods_Examples.framework */ = {isa = PBXFileReference; explicitFileType = wrapper.framework; includeInIndex = 0; path = Pods_Examples.framework; sourceTree = BUILT_PRODUCTS_DIR; };
/* End PBXFileReference section */

/* Begin PBXFrameworksBuildPhase section */
		B6544CDF22D39C38008DACC3 /* Frameworks */ = {
			isa = PBXFrameworksBuildPhase;
			buildActionMask = 2147483647;
			files = (
				5B24A09AFE22A60516EB0885 /* Pods_Examples.framework in Frameworks */,
			);
			runOnlyForDeploymentPostprocessing = 0;
		};
/* End PBXFrameworksBuildPhase section */

/* Begin PBXGroup section */
		2EF796BD3526315A81EC232C /* Pods */ = {
			isa = PBXGroup;
			children = (
				DC254C29F626B5A982F54922 /* Pods-Examples.debug.xcconfig */,
				26F85655B9ED6758B2417E50 /* Pods-Examples.release.xcconfig */,
			);
			path = Pods;
			sourceTree = "<group>";
		};
		B6544CD922D39C38008DACC3 = {
			isa = PBXGroup;
			children = (
				B6544CE422D39C38008DACC3 /* Examples */,
				B6544CE322D39C38008DACC3 /* Products */,
				2EF796BD3526315A81EC232C /* Pods */,
				D2F0A8890E84464C7D29BB36 /* Frameworks */,
			);
			sourceTree = "<group>";
		};
		B6544CE322D39C38008DACC3 /* Products */ = {
			isa = PBXGroup;
			children = (
				B6544CE222D39C38008DACC3 /* Examples.app */,
			);
			name = Products;
			sourceTree = "<group>";
		};
		B6544CE422D39C38008DACC3 /* Examples */ = {
			isa = PBXGroup;
			children = (
				B6544CE522D39C38008DACC3 /* AppDelegate.swift */,
				B6544CE722D39C38008DACC3 /* PaginationFeedbackViewController.swift */,
				B6544CFA22D3A1E9008DACC3 /* Reqres.swift */,
				B6544CFC22D3A1F1008DACC3 /* Github.swift */,
				B667960622D4D7F4002B7A97 /* MovieDB.swift */,
				B6544CEC22D39C3A008DACC3 /* Assets.xcassets */,
				B6544CEE22D39C3A008DACC3 /* LaunchScreen.storyboard */,
				B6544CF122D39C3A008DACC3 /* Info.plist */,
			);
			path = Examples;
			sourceTree = "<group>";
		};
		D2F0A8890E84464C7D29BB36 /* Frameworks */ = {
			isa = PBXGroup;
			children = (
				DFE994E88691EB04AF8119EE /* Pods_Examples.framework */,
			);
			name = Frameworks;
			sourceTree = "<group>";
		};
/* End PBXGroup section */

/* Begin PBXNativeTarget section */
		B6544CE122D39C38008DACC3 /* Examples */ = {
			isa = PBXNativeTarget;
			buildConfigurationList = B6544CF422D39C3A008DACC3 /* Build configuration list for PBXNativeTarget "Examples" */;
			buildPhases = (
				E4F62D75AC0C0BAD650B12D9 /* [CP] Check Pods Manifest.lock */,
				B6544CDE22D39C38008DACC3 /* Sources */,
				B6544CDF22D39C38008DACC3 /* Frameworks */,
				B6544CE022D39C38008DACC3 /* Resources */,
				B8DAAE6D43D608BCDA9ED52B /* [CP] Embed Pods Frameworks */,
			);
			buildRules = (
			);
			dependencies = (
			);
			name = Examples;
			productName = Examples;
			productReference = B6544CE222D39C38008DACC3 /* Examples.app */;
			productType = "com.apple.product-type.application";
		};
/* End PBXNativeTarget section */

/* Begin PBXProject section */
		B6544CDA22D39C38008DACC3 /* Project object */ = {
			isa = PBXProject;
			attributes = {
				LastSwiftUpdateCheck = 1020;
				LastUpgradeCheck = 1020;
				ORGANIZATIONNAME = "Fabio Felici";
				TargetAttributes = {
					B6544CE122D39C38008DACC3 = {
						CreatedOnToolsVersion = 10.2;
					};
				};
			};
			buildConfigurationList = B6544CDD22D39C38008DACC3 /* Build configuration list for PBXProject "Examples" */;
			compatibilityVersion = "Xcode 9.3";
			developmentRegion = en;
			hasScannedForEncodings = 0;
			knownRegions = (
				en,
				Base,
			);
			mainGroup = B6544CD922D39C38008DACC3;
			productRefGroup = B6544CE322D39C38008DACC3 /* Products */;
			projectDirPath = "";
			projectRoot = "";
			targets = (
				B6544CE122D39C38008DACC3 /* Examples */,
			);
		};
/* End PBXProject section */

/* Begin PBXResourcesBuildPhase section */
		B6544CE022D39C38008DACC3 /* Resources */ = {
			isa = PBXResourcesBuildPhase;
			buildActionMask = 2147483647;
			files = (
				B6544CF022D39C3A008DACC3 /* LaunchScreen.storyboard in Resources */,
				B6544CED22D39C3A008DACC3 /* Assets.xcassets in Resources */,
			);
			runOnlyForDeploymentPostprocessing = 0;
		};
/* End PBXResourcesBuildPhase section */

/* Begin PBXShellScriptBuildPhase section */
		B8DAAE6D43D608BCDA9ED52B /* [CP] Embed Pods Frameworks */ = {
			isa = PBXShellScriptBuildPhase;
			buildActionMask = 2147483647;
			files = (
			);
			inputFileListPaths = (
			);
			inputPaths = (
				"${PODS_ROOT}/Target Support Files/Pods-Examples/Pods-Examples-frameworks.sh",
				"${BUILT_PRODUCTS_DIR}/RxCocoa/RxCocoa.framework",
				"${BUILT_PRODUCTS_DIR}/RxFeedback/RxFeedback.framework",
				"${BUILT_PRODUCTS_DIR}/RxPaginationFeedback/RxPaginationFeedback.framework",
				"${BUILT_PRODUCTS_DIR}/RxRelay/RxRelay.framework",
				"${BUILT_PRODUCTS_DIR}/RxSwift/RxSwift.framework",
			);
			name = "[CP] Embed Pods Frameworks";
			outputFileListPaths = (
			);
			outputPaths = (
				"${TARGET_BUILD_DIR}/${FRAMEWORKS_FOLDER_PATH}/RxCocoa.framework",
				"${TARGET_BUILD_DIR}/${FRAMEWORKS_FOLDER_PATH}/RxFeedback.framework",
				"${TARGET_BUILD_DIR}/${FRAMEWORKS_FOLDER_PATH}/RxPaginationFeedback.framework",
				"${TARGET_BUILD_DIR}/${FRAMEWORKS_FOLDER_PATH}/RxRelay.framework",
				"${TARGET_BUILD_DIR}/${FRAMEWORKS_FOLDER_PATH}/RxSwift.framework",
			);
			runOnlyForDeploymentPostprocessing = 0;
			shellPath = /bin/sh;
			shellScript = "\"${PODS_ROOT}/Target Support Files/Pods-Examples/Pods-Examples-frameworks.sh\"\n";
			showEnvVarsInLog = 0;
		};
		E4F62D75AC0C0BAD650B12D9 /* [CP] Check Pods Manifest.lock */ = {
			isa = PBXShellScriptBuildPhase;
			buildActionMask = 2147483647;
			files = (
			);
			inputFileListPaths = (
			);
			inputPaths = (
				"${PODS_PODFILE_DIR_PATH}/Podfile.lock",
				"${PODS_ROOT}/Manifest.lock",
			);
			name = "[CP] Check Pods Manifest.lock";
			outputFileListPaths = (
			);
			outputPaths = (
				"$(DERIVED_FILE_DIR)/Pods-Examples-checkManifestLockResult.txt",
			);
			runOnlyForDeploymentPostprocessing = 0;
			shellPath = /bin/sh;
			shellScript = "diff \"${PODS_PODFILE_DIR_PATH}/Podfile.lock\" \"${PODS_ROOT}/Manifest.lock\" > /dev/null\nif [ $? != 0 ] ; then\n    # print error to STDERR\n    echo \"error: The sandbox is not in sync with the Podfile.lock. Run 'pod install' or update your CocoaPods installation.\" >&2\n    exit 1\nfi\n# This output is used by Xcode 'outputs' to avoid re-running this script phase.\necho \"SUCCESS\" > \"${SCRIPT_OUTPUT_FILE_0}\"\n";
			showEnvVarsInLog = 0;
		};
/* End PBXShellScriptBuildPhase section */

/* Begin PBXSourcesBuildPhase section */
		B6544CDE22D39C38008DACC3 /* Sources */ = {
			isa = PBXSourcesBuildPhase;
			buildActionMask = 2147483647;
			files = (
				B6544CFB22D3A1E9008DACC3 /* Reqres.swift in Sources */,
				B6544CE822D39C38008DACC3 /* PaginationFeedbackViewController.swift in Sources */,
				B6544CFD22D3A1F1008DACC3 /* Github.swift in Sources */,
				B667960722D4D7F4002B7A97 /* MovieDB.swift in Sources */,
				B6544CE622D39C38008DACC3 /* AppDelegate.swift in Sources */,
			);
			runOnlyForDeploymentPostprocessing = 0;
		};
/* End PBXSourcesBuildPhase section */

/* Begin PBXVariantGroup section */
		B6544CEE22D39C3A008DACC3 /* LaunchScreen.storyboard */ = {
			isa = PBXVariantGroup;
			children = (
				B6544CEF22D39C3A008DACC3 /* Base */,
			);
			name = LaunchScreen.storyboard;
			sourceTree = "<group>";
		};
/* End PBXVariantGroup section */

/* Begin XCBuildConfiguration section */
		B6544CF222D39C3A008DACC3 /* Debug */ = {
			isa = XCBuildConfiguration;
			buildSettings = {
				ALWAYS_SEARCH_USER_PATHS = NO;
				CLANG_ANALYZER_NONNULL = YES;
				CLANG_ANALYZER_NUMBER_OBJECT_CONVERSION = YES_AGGRESSIVE;
				CLANG_CXX_LANGUAGE_STANDARD = "gnu++14";
				CLANG_CXX_LIBRARY = "libc++";
				CLANG_ENABLE_MODULES = YES;
				CLANG_ENABLE_OBJC_ARC = YES;
				CLANG_ENABLE_OBJC_WEAK = YES;
				CLANG_WARN_BLOCK_CAPTURE_AUTORELEASING = YES;
				CLANG_WARN_BOOL_CONVERSION = YES;
				CLANG_WARN_COMMA = YES;
				CLANG_WARN_CONSTANT_CONVERSION = YES;
				CLANG_WARN_DEPRECATED_OBJC_IMPLEMENTATIONS = YES;
				CLANG_WARN_DIRECT_OBJC_ISA_USAGE = YES_ERROR;
				CLANG_WARN_DOCUMENTATION_COMMENTS = YES;
				CLANG_WARN_EMPTY_BODY = YES;
				CLANG_WARN_ENUM_CONVERSION = YES;
				CLANG_WARN_INFINITE_RECURSION = YES;
				CLANG_WARN_INT_CONVERSION = YES;
				CLANG_WARN_NON_LITERAL_NULL_CONVERSION = YES;
				CLANG_WARN_OBJC_IMPLICIT_RETAIN_SELF = YES;
				CLANG_WARN_OBJC_LITERAL_CONVERSION = YES;
				CLANG_WARN_OBJC_ROOT_CLASS = YES_ERROR;
				CLANG_WARN_RANGE_LOOP_ANALYSIS = YES;
				CLANG_WARN_STRICT_PROTOTYPES = YES;
				CLANG_WARN_SUSPICIOUS_MOVE = YES;
				CLANG_WARN_UNGUARDED_AVAILABILITY = YES_AGGRESSIVE;
				CLANG_WARN_UNREACHABLE_CODE = YES;
				CLANG_WARN__DUPLICATE_METHOD_MATCH = YES;
				CODE_SIGN_IDENTITY = "iPhone Developer";
				COPY_PHASE_STRIP = NO;
				DEBUG_INFORMATION_FORMAT = dwarf;
				ENABLE_STRICT_OBJC_MSGSEND = YES;
				ENABLE_TESTABILITY = YES;
				GCC_C_LANGUAGE_STANDARD = gnu11;
				GCC_DYNAMIC_NO_PIC = NO;
				GCC_NO_COMMON_BLOCKS = YES;
				GCC_OPTIMIZATION_LEVEL = 0;
				GCC_PREPROCESSOR_DEFINITIONS = (
					"DEBUG=1",
					"$(inherited)",
				);
				GCC_WARN_64_TO_32_BIT_CONVERSION = YES;
				GCC_WARN_ABOUT_RETURN_TYPE = YES_ERROR;
				GCC_WARN_UNDECLARED_SELECTOR = YES;
				GCC_WARN_UNINITIALIZED_AUTOS = YES_AGGRESSIVE;
				GCC_WARN_UNUSED_FUNCTION = YES;
				GCC_WARN_UNUSED_VARIABLE = YES;
				IPHONEOS_DEPLOYMENT_TARGET = 12.2;
				MTL_ENABLE_DEBUG_INFO = INCLUDE_SOURCE;
				MTL_FAST_MATH = YES;
				ONLY_ACTIVE_ARCH = YES;
				SDKROOT = iphoneos;
				SWIFT_ACTIVE_COMPILATION_CONDITIONS = DEBUG;
				SWIFT_OPTIMIZATION_LEVEL = "-Onone";
			};
			name = Debug;
		};
		B6544CF322D39C3A008DACC3 /* Release */ = {
			isa = XCBuildConfiguration;
			buildSettings = {
				ALWAYS_SEARCH_USER_PATHS = NO;
				CLANG_ANALYZER_NONNULL = YES;
				CLANG_ANALYZER_NUMBER_OBJECT_CONVERSION = YES_AGGRESSIVE;
				CLANG_CXX_LANGUAGE_STANDARD = "gnu++14";
				CLANG_CXX_LIBRARY = "libc++";
				CLANG_ENABLE_MODULES = YES;
				CLANG_ENABLE_OBJC_ARC = YES;
				CLANG_ENABLE_OBJC_WEAK = YES;
				CLANG_WARN_BLOCK_CAPTURE_AUTORELEASING = YES;
				CLANG_WARN_BOOL_CONVERSION = YES;
				CLANG_WARN_COMMA = YES;
				CLANG_WARN_CONSTANT_CONVERSION = YES;
				CLANG_WARN_DEPRECATED_OBJC_IMPLEMENTATIONS = YES;
				CLANG_WARN_DIRECT_OBJC_ISA_USAGE = YES_ERROR;
				CLANG_WARN_DOCUMENTATION_COMMENTS = YES;
				CLANG_WARN_EMPTY_BODY = YES;
				CLANG_WARN_ENUM_CONVERSION = YES;
				CLANG_WARN_INFINITE_RECURSION = YES;
				CLANG_WARN_INT_CONVERSION = YES;
				CLANG_WARN_NON_LITERAL_NULL_CONVERSION = YES;
				CLANG_WARN_OBJC_IMPLICIT_RETAIN_SELF = YES;
				CLANG_WARN_OBJC_LITERAL_CONVERSION = YES;
				CLANG_WARN_OBJC_ROOT_CLASS = YES_ERROR;
				CLANG_WARN_RANGE_LOOP_ANALYSIS = YES;
				CLANG_WARN_STRICT_PROTOTYPES = YES;
				CLANG_WARN_SUSPICIOUS_MOVE = YES;
				CLANG_WARN_UNGUARDED_AVAILABILITY = YES_AGGRESSIVE;
				CLANG_WARN_UNREACHABLE_CODE = YES;
				CLANG_WARN__DUPLICATE_METHOD_MATCH = YES;
				CODE_SIGN_IDENTITY = "iPhone Developer";
				COPY_PHASE_STRIP = NO;
				DEBUG_INFORMATION_FORMAT = "dwarf-with-dsym";
				ENABLE_NS_ASSERTIONS = NO;
				ENABLE_STRICT_OBJC_MSGSEND = YES;
				GCC_C_LANGUAGE_STANDARD = gnu11;
				GCC_NO_COMMON_BLOCKS = YES;
				GCC_WARN_64_TO_32_BIT_CONVERSION = YES;
				GCC_WARN_ABOUT_RETURN_TYPE = YES_ERROR;
				GCC_WARN_UNDECLARED_SELECTOR = YES;
				GCC_WARN_UNINITIALIZED_AUTOS = YES_AGGRESSIVE;
				GCC_WARN_UNUSED_FUNCTION = YES;
				GCC_WARN_UNUSED_VARIABLE = YES;
				IPHONEOS_DEPLOYMENT_TARGET = 12.2;
				MTL_ENABLE_DEBUG_INFO = NO;
				MTL_FAST_MATH = YES;
				SDKROOT = iphoneos;
				SWIFT_COMPILATION_MODE = wholemodule;
				SWIFT_OPTIMIZATION_LEVEL = "-O";
				VALIDATE_PRODUCT = YES;
			};
			name = Release;
		};
		B6544CF522D39C3A008DACC3 /* Debug */ = {
			isa = XCBuildConfiguration;
			baseConfigurationReference = DC254C29F626B5A982F54922 /* Pods-Examples.debug.xcconfig */;
			buildSettings = {
				ASSETCATALOG_COMPILER_APPICON_NAME = AppIcon;
				CODE_SIGN_STYLE = Automatic;
				INFOPLIST_FILE = Examples/Info.plist;
				LD_RUNPATH_SEARCH_PATHS = (
					"$(inherited)",
					"@executable_path/Frameworks",
				);
				PRODUCT_BUNDLE_IDENTIFIER = com.fabiofelici.Examples;
				PRODUCT_NAME = "$(TARGET_NAME)";
				SWIFT_VERSION = 5.0;
				TARGETED_DEVICE_FAMILY = "1,2";
			};
			name = Debug;
		};
		B6544CF622D39C3A008DACC3 /* Release */ = {
			isa = XCBuildConfiguration;
			baseConfigurationReference = 26F85655B9ED6758B2417E50 /* Pods-Examples.release.xcconfig */;
			buildSettings = {
				ASSETCATALOG_COMPILER_APPICON_NAME = AppIcon;
				CODE_SIGN_STYLE = Automatic;
				INFOPLIST_FILE = Examples/Info.plist;
				LD_RUNPATH_SEARCH_PATHS = (
					"$(inherited)",
					"@executable_path/Frameworks",
				);
				PRODUCT_BUNDLE_IDENTIFIER = com.fabiofelici.Examples;
				PRODUCT_NAME = "$(TARGET_NAME)";
				SWIFT_VERSION = 5.0;
				TARGETED_DEVICE_FAMILY = "1,2";
			};
			name = Release;
		};
/* End XCBuildConfiguration section */

/* Begin XCConfigurationList section */
		B6544CDD22D39C38008DACC3 /* Build configuration list for PBXProject "Examples" */ = {
			isa = XCConfigurationList;
			buildConfigurations = (
				B6544CF222D39C3A008DACC3 /* Debug */,
				B6544CF322D39C3A008DACC3 /* Release */,
			);
			defaultConfigurationIsVisible = 0;
			defaultConfigurationName = Release;
		};
		B6544CF422D39C3A008DACC3 /* Build configuration list for PBXNativeTarget "Examples" */ = {
			isa = XCConfigurationList;
			buildConfigurations = (
				B6544CF522D39C3A008DACC3 /* Debug */,
				B6544CF622D39C3A008DACC3 /* Release */,
			);
			defaultConfigurationIsVisible = 0;
			defaultConfigurationName = Release;
		};
/* End XCConfigurationList section */
	};
	rootObject = B6544CDA22D39C38008DACC3 /* Project object */;
}
